{
  "version": "3",
  "packages": {
    "specifiers": {
      "jsr:@std/dotenv@^0.225.0": "jsr:@std/dotenv@0.225.0"
    },
    "jsr": {
      "@std/dotenv@0.225.0": {
        "integrity": "44db32932c67df82790a3e6847d7007befb6cc22d71f2f3ee7b7d00e1f0d6c94"
      }
    }
  },
  "remote": {},
  "workspace": {
    "dependencies": [
      "jsr:@std/dotenv@^0.225.0"
    ]
  }
}
